{
  "name": "react_learning",
  "lockfileVersion": 2,
  "requires": true,
  "packages": {
    "": {
      "dependencies": {
        "uuid": "^8.3.2",
        "yarn": "^1.22.11"
      }
    },
    "node_modules/uuid": {
      "version": "8.3.2",
      "resolved": "https://registry.nlark.com/uuid/download/uuid-8.3.2.tgz?cache=0&sync_timestamp=1622213136953&other_urls=https%3A%2F%2Fregistry.nlark.com%2Fuuid%2Fdownload%2Fuuid-8.3.2.tgz",
      "integrity": "sha1-gNW1ztJxu5r2xEXyGhoExgbO++I=",
      "bin": {
        "uuid": "dist/bin/uuid"
      }
    },
    "node_modules/yarn": {
      "version": "1.22.11",
      "resolved": "https://registry.nlark.com/yarn/download/yarn-1.22.11.tgz?cache=0&sync_timestamp=1630917259227&other_urls=https%3A%2F%2Fregistry.nlark.com%2Fyarn%2Fdownload%2Fyarn-1.22.11.tgz",
      "integrity": "sha1-0BBAQ+c0kEbg4q7Jd8JL4QaSXtY=",
      "bin": {
        "yarn": "bin/yarn.js",
        "yarnpkg": "bin/yarn.js"
      },
      "engines": {
        "node": ">=4.0.0"
      }
    }
  },
  "dependencies": {
    "uuid": {
      "version": "8.3.2",
      "resolved": "https://registry.nlark.com/uuid/download/uuid-8.3.2.tgz?cache=0&sync_timestamp=1622213136953&other_urls=https%3A%2F%2Fregistry.nlark.com%2Fuuid%2Fdownload%2Fuuid-8.3.2.tgz",
      "integrity": "sha1-gNW1ztJxu5r2xEXyGhoExgbO++I="
    },
    "yarn": {
      "version": "1.22.11",
      "resolved": "https://registry.nlark.com/yarn/download/yarn-1.22.11.tgz?cache=0&sync_timestamp=1630917259227&other_urls=https%3A%2F%2Fregistry.nlark.com%2Fyarn%2Fdownload%2Fyarn-1.22.11.tgz",
      "integrity": "sha1-0BBAQ+c0kEbg4q7Jd8JL4QaSXtY="
    }
  }
}
